
Microsoft Visual Studio Solution File, Format Version 12.00
# Visual Studio 14
VisualStudioVersion = 14.0.23107.0
MinimumVisualStudioVersion = 10.0.40219.1
Project("{FAE04EC0-301F-11D3-BF4B-00C04F79EFBC}") = "AdventureWorks.Modelo", "AdventureWorks.Modelo\AdventureWorks.Modelo.csproj", "{EDAEBD00-0FD7-4892-A964-0C4F9D42E432}"
EndProject
Project("{FAE04EC0-301F-11D3-BF4B-00C04F79EFBC}") = "AdventureWorks.EF.GR", "AdventureWorks.EF.GR\AdventureWorks.EF.GR.csproj", "{F4DC49FC-3EDB-4AC3-89A1-7D4FBAF66CD2}"
EndProject
Project("{FAE04EC0-301F-11D3-BF4B-00C04F79EFBC}") = "AdventureWorks.EF.GR.Tests", "AdventureWorks.EF.GR.Tests\AdventureWorks.EF.GR.Tests.csproj", "{1B69CE83-C7B6-43B7-9F0E-B5FCCC064A4D}"
EndProject
Project("{FAE04EC0-301F-11D3-BF4B-00C04F79EFBC}") = "AdventureWorks.BL", "AdventureWorks.BL\AdventureWorks.BL.csproj", "{9FE44A35-5552-4644-A325-907947EC40AD}"
EndProject
Project("{FAE04EC0-301F-11D3-BF4B-00C04F79EFBC}") = "AdventureWorks.WCF", "AdventureWorks.WCF\AdventureWorks.WCF.csproj", "{8D568DE6-A316-45BE-9703-96843F50A74C}"
EndProject
Project("{FAE04EC0-301F-11D3-BF4B-00C04F79EFBC}") = "ProyectoConsultas", "ProyectoConsultas\ProyectoConsultas.csproj", "{649BC7F7-BBD6-41D6-B016-F3F7658F960F}"
EndProject
Global
	GlobalSection(SolutionConfigurationPlatforms) = preSolution
		Debug|Any CPU = Debug|Any CPU
		Release|Any CPU = Release|Any CPU
	EndGlobalSection
	GlobalSection(ProjectConfigurationPlatforms) = postSolution
		{EDAEBD00-0FD7-4892-A964-0C4F9D42E432}.Debug|Any CPU.ActiveCfg = Debug|Any CPU
		{EDAEBD00-0FD7-4892-A964-0C4F9D42E432}.Debug|Any CPU.Build.0 = Debug|Any CPU
		{EDAEBD00-0FD7-4892-A964-0C4F9D42E432}.Release|Any CPU.ActiveCfg = Release|Any CPU
		{EDAEBD00-0FD7-4892-A964-0C4F9D42E432}.Release|Any CPU.Build.0 = Release|Any CPU
		{F4DC49FC-3EDB-4AC3-89A1-7D4FBAF66CD2}.Debug|Any CPU.ActiveCfg = Debug|Any CPU
		{F4DC49FC-3EDB-4AC3-89A1-7D4FBAF66CD2}.Debug|Any CPU.Build.0 = Debug|Any CPU
		{F4DC49FC-3EDB-4AC3-89A1-7D4FBAF66CD2}.Release|Any CPU.ActiveCfg = Release|Any CPU
		{F4DC49FC-3EDB-4AC3-89A1-7D4FBAF66CD2}.Release|Any CPU.Build.0 = Release|Any CPU
		{1B69CE83-C7B6-43B7-9F0E-B5FCCC064A4D}.Debug|Any CPU.ActiveCfg = Debug|Any CPU
		{1B69CE83-C7B6-43B7-9F0E-B5FCCC064A4D}.Debug|Any CPU.Build.0 = Debug|Any CPU
		{1B69CE83-C7B6-43B7-9F0E-B5FCCC064A4D}.Release|Any CPU.ActiveCfg = Release|Any CPU
		{1B69CE83-C7B6-43B7-9F0E-B5FCCC064A4D}.Release|Any CPU.Build.0 = Release|Any CPU
		{9FE44A35-5552-4644-A325-907947EC40AD}.Debug|Any CPU.ActiveCfg = Debug|Any CPU
		{9FE44A35-5552-4644-A325-907947EC40AD}.Debug|Any CPU.Build.0 = Debug|Any CPU
		{9FE44A35-5552-4644-A325-907947EC40AD}.Release|Any CPU.ActiveCfg = Release|Any CPU
		{9FE44A35-5552-4644-A325-907947EC40AD}.Release|Any CPU.Build.0 = Release|Any CPU
		{8D568DE6-A316-45BE-9703-96843F50A74C}.Debug|Any CPU.ActiveCfg = Debug|Any CPU
		{8D568DE6-A316-45BE-9703-96843F50A74C}.Debug|Any CPU.Build.0 = Debug|Any CPU
		{8D568DE6-A316-45BE-9703-96843F50A74C}.Release|Any CPU.ActiveCfg = Release|Any CPU
		{8D568DE6-A316-45BE-9703-96843F50A74C}.Release|Any CPU.Build.0 = Release|Any CPU
		{649BC7F7-BBD6-41D6-B016-F3F7658F960F}.Debug|Any CPU.ActiveCfg = Debug|Any CPU
		{649BC7F7-BBD6-41D6-B016-F3F7658F960F}.Debug|Any CPU.Build.0 = Debug|Any CPU
		{649BC7F7-BBD6-41D6-B016-F3F7658F960F}.Release|Any CPU.ActiveCfg = Release|Any CPU
		{649BC7F7-BBD6-41D6-B016-F3F7658F960F}.Release|Any CPU.Build.0 = Release|Any CPU
	EndGlobalSection
	GlobalSection(SolutionProperties) = preSolution
		HideSolutionNode = FALSE
	EndGlobalSection
EndGlobal
